# THIS IS AN AUTOGENERATED FILE. DO NOT EDIT THIS FILE DIRECTLY.
# yarn lockfile v1


"@types/figures@^2.0.0":
  version "2.0.0"
  resolved "https://registry.yarnpkg.com/@types/figures/-/figures-2.0.0.tgz#e624a9ad71db49b9c8b9bbd59fe1ad04c443913c"
  integrity sha512-mcRgJ+ncKuNI+Dwac7omO18B8C8u+YBS+AU/oyLhEyjAnT3cUUThhHgZpbiIvu5ZqSvdD30BXtrqg9nxc3OKMg==

"@types/graphql@^14.2.0":
  version "14.5.0"
  resolved "https://registry.yarnpkg.com/@types/graphql/-/graphql-14.5.0.tgz#a545fb3bc8013a3547cf2f07f5e13a33642b75d6"
  integrity sha512-MOkzsEp1Jk5bXuAsHsUi6BVv0zCO+7/2PTiZMXWDSsMXvNU6w/PLMQT2vHn8hy2i0JqojPz1Sz6rsFjHtsU0lA==
  dependencies:
    graphql "*"

"@types/lodash@^4.14.116":
  version "4.14.138"
  resolved "https://registry.yarnpkg.com/@types/lodash/-/lodash-4.14.138.tgz#34f52640d7358230308344e579c15b378d91989e"
  integrity sha512-A4uJgHz4hakwNBdHNPdxOTkYmXNgmUAKLbXZ7PKGslgeV0Mb8P3BlbYfPovExek1qnod4pDfRbxuzcVs3dlFLg==

"@types/moment@^2.13.0":
  version "2.13.0"
  resolved "https://registry.yarnpkg.com/@types/moment/-/moment-2.13.0.tgz#604ebd189bc3bc34a1548689404e61a2a4aac896"
  integrity sha1-YE69GJvDvDShVIaJQE5hoqSqyJY=
  dependencies:
    moment "*"

"@types/node@*", "@types/node@^12.6.8":
  version "12.7.4"
  resolved "https://registry.yarnpkg.com/@types/node/-/node-12.7.4.tgz#64db61e0359eb5a8d99b55e05c729f130a678b04"
  integrity sha512-W0+n1Y+gK/8G2P/piTkBBN38Qc5Q1ZSO6B5H3QmPCUewaiXOo2GCAWZ4ElZCcNhjJuBSUSLGFUJnmlCn5+nxOQ==

"@types/pg-types@*":
  version "1.11.4"
  resolved "https://registry.yarnpkg.com/@types/pg-types/-/pg-types-1.11.4.tgz#8d7c59fb509ce3dca3f8bae589252051c639a9a8"
  integrity sha512-WdIiQmE347LGc1Vq3Ki8sk3iyCuLgnccqVzgxek6gEHp2H0p3MQ3jniIHt+bRODXKju4kNQ+mp53lmP5+/9moQ==
  dependencies:
    moment ">=2.14.0"

"@types/pg@^7.4.14":
  version "7.11.1"
  resolved "https://registry.yarnpkg.com/@types/pg/-/pg-7.11.1.tgz#3b0b53e8be0fd44579f1cdbd27b64a67a7434e03"
  integrity sha512-ayO8XV0xuJV3cEY4wySyD/7MA1HL75UpvJ5JAme00kNWA5pddlGtN4BRG97xgGe2NHgwxN8AkdjTQUEDypM8Uw==
  dependencies:
    "@types/node" "*"
    "@types/pg-types" "*"

"@types/ramda@^0.26.18":
  version "0.26.21"
  resolved "https://registry.yarnpkg.com/@types/ramda/-/ramda-0.26.21.tgz#cfd552c679453d153a9e2fd89ffc5dd5aa93d2c9"
  integrity sha512-zMYtIZMceA6BvH+or6LmewLBgojbXg5+FGCwjO8K+Z+d/ZWxILmhhASXkehW0PqJL+V0QbyDeeAHix0dvEKXfQ==
  dependencies:
    ts-toolbelt "^3.8.4"

concurrify@^1.1.1:
  version "1.1.1"
  resolved "https://registry.yarnpkg.com/concurrify/-/concurrify-1.1.1.tgz#e903b6500b2ce9af7ac51bd5f2161f8db33cfb41"
  integrity sha512-m2UMqZAJ7Ys4Juu0IaToa/RbVuu5jR8dGVrwUOeQtfJjX0KDimUdPZ20tVrdSuqJwLaFbpI+lWxOmZSYxyCvmQ==
  dependencies:
    sanctuary-show "^1.0.0"
    sanctuary-type-identifiers "^2.0.0"

eres@Astrocoders/eres:
  version "1.0.1"
  resolved "https://codeload.github.com/Astrocoders/eres/tar.gz/0f61d4d8eb28c12037899895e3d670bfd888ddbd"

escape-string-regexp@^1.0.5:
  version "1.0.5"
  resolved "https://registry.yarnpkg.com/escape-string-regexp/-/escape-string-regexp-1.0.5.tgz#1b61c0562190a8dff6ae3bb2cf0200ca130b86d4"
  integrity sha1-G2HAViGQqN/2rjuyzwIAyhMLhtQ=

figures@^2.0.0:
  version "2.0.0"
  resolved "https://registry.yarnpkg.com/figures/-/figures-2.0.0.tgz#3ab1a2d2a62c8bfb431a0c94cb797a2fce27c962"
  integrity sha1-OrGi0qYsi/tDGgyUy3l6L84nyWI=
  dependencies:
    escape-string-regexp "^1.0.5"

fluture@^11.0.2:
  version "11.0.3"
  resolved "https://registry.yarnpkg.com/fluture/-/fluture-11.0.3.tgz#040ccdcc48952a1bfe60187834b2ebdc20b92ccc"
  integrity sha512-6YrDSkWVfzy2dS4AxrWUIBJCK905sfVjfYS0r9Nn9TnloArxOwYxgMvlmdgLbQrjhE26M+bzikAACzI6MxVWuw==
  dependencies:
    concurrify "^1.1.1"
    sanctuary-show "^1.0.0"
    sanctuary-type-identifiers "^2.0.0"

graphql@*:
  version "14.5.4"
  resolved "https://registry.yarnpkg.com/graphql/-/graphql-14.5.4.tgz#b33fe957854e90c10d4c07c7d26b6c8e9f159a13"
  integrity sha512-dPLvHoxy5m9FrkqWczPPRnH0X80CyvRE6e7Fa5AWEqEAzg9LpxHvKh24po/482E6VWHigOkAmb4xCp6P9yT9gw==
  dependencies:
    iterall "^1.2.2"

graphql@^0.11.7:
  version "0.11.7"
  resolved "https://registry.yarnpkg.com/graphql/-/graphql-0.11.7.tgz#e5abaa9cb7b7cccb84e9f0836bf4370d268750c6"
  integrity sha512-x7uDjyz8Jx+QPbpCFCMQ8lltnQa4p4vSYHx6ADe8rVYRTdsyhCJbvSty5DAsLVmU6cGakl+r8HQYolKHxk/tiw==
  dependencies:
    iterall "1.1.3"

iterall@1.1.3:
  version "1.1.3"
  resolved "https://registry.yarnpkg.com/iterall/-/iterall-1.1.3.tgz#1cbbff96204056dde6656e2ed2e2226d0e6d72c9"
  integrity sha512-Cu/kb+4HiNSejAPhSaN1VukdNTTi/r4/e+yykqjlG/IW+1gZH5b4+Bq3whDX4tvbYugta3r8KTMUiqT3fIGxuQ==

iterall@^1.2.2:
  version "1.2.2"
  resolved "https://registry.yarnpkg.com/iterall/-/iterall-1.2.2.tgz#92d70deb8028e0c39ff3164fdbf4d8b088130cd7"
  integrity sha512-yynBb1g+RFUPY64fTrFv7nsjRrENBQJaX2UL+2Szc9REFrSNm1rpSXHGzhmAy7a9uv3vlvgBlXnf9RqmPH1/DA==

lodash@^4.17.11:
  version "4.17.15"
  resolved "https://registry.yarnpkg.com/lodash/-/lodash-4.17.15.tgz#b447f6670a0455bbfeedd11392eff330ea097548"
  integrity sha512-8xOcRHvCjnocdS5cpwXQXVzmmh5e5+saE2QGoeQmbKmRS6J3VQppPOIt0MnmE+4xlZoumy0GPG0D0MVIQbNA1A==

moment@*, moment@>=2.14.0, moment@^2.18.1:
  version "2.24.0"
  resolved "https://registry.yarnpkg.com/moment/-/moment-2.24.0.tgz#0d055d53f5052aa653c9f6eb68bb5d12bf5c2b5b"
  integrity sha512-bV7f+6l2QigeBBZSM/6yTNq4P2fNpSWj/0e7jQcy87A8e7o2nAfP/34/2ky5Vw4B9S446EtIhodAzkFCcR4dQg==

quanto-commons@^1.0.46:
  version "1.0.48"
  resolved "https://registry.yarnpkg.com/quanto-commons/-/quanto-commons-1.0.48.tgz#84a78bf7e3c50f312a0db326f90e06fc1b12be2e"
  integrity sha512-gUTIw/TZSEwckjcpW+La0dgDeeHb/ZTSTBcJYhXGZRXtNXVAX7rC/LjZ3IgssfEs3sZNVpImX6punE70nQV16w==
  dependencies:
    "@types/figures" "^2.0.0"
    "@types/graphql" "^14.2.0"
    "@types/moment" "^2.13.0"
    figures "^2.0.0"
    graphql "^0.11.7"
    moment "^2.18.1"

ramda@^0.26.1:
  version "0.26.1"
  resolved "https://registry.yarnpkg.com/ramda/-/ramda-0.26.1.tgz#8d41351eb8111c55353617fc3bbffad8e4d35d06"
  integrity sha512-hLWjpy7EnsDBb0p+Z3B7rPi3GDeRG5ZtiI33kJhTt+ORCd38AbAIjB/9zRIUoeTbE/AVX5ZkU7m6bznsvrf8eQ==

sanctuary-show@^1.0.0:
  version "1.0.0"
  resolved "https://registry.yarnpkg.com/sanctuary-show/-/sanctuary-show-1.0.0.tgz#72deb4812f9decec850e03286807dca1c97a1d61"
  integrity sha512-63UqNGr5M6wkzKp6eGc/Gy6JBIV2PbzPd3q88+0F9z0qydAQsCWJ+7e4oor39rEEwj2GkZMDEhqGuiMl9eEnYw==

sanctuary-type-identifiers@^2.0.0:
  version "2.0.1"
  resolved "https://registry.yarnpkg.com/sanctuary-type-identifiers/-/sanctuary-type-identifiers-2.0.1.tgz#fc524cf6dd92cebfcbb0dd9509eff193159a20ed"
  integrity sha1-/FJM9t2Szr/LsN2VCe/xkxWaIO0=

ts-toolbelt@^3.8.4:
  version "3.8.70"
  resolved "https://registry.yarnpkg.com/ts-toolbelt/-/ts-toolbelt-3.8.70.tgz#edd146112ed648c6d041f5273305b5dd08c787d5"
  integrity sha512-bq/fOstfWjVewZeQZStflejgVoKm54w56+Tf5LTZ59AowxpUSVuSRWBPX7AW8aUlnxuV78pyC2DE7SNVFGwuvg==

typescript@^3.5.3:
  version "3.6.2"
  resolved "https://registry.yarnpkg.com/typescript/-/typescript-3.6.2.tgz#105b0f1934119dde543ac8eb71af3a91009efe54"
  integrity sha512-lmQ4L+J6mnu3xweP8+rOrUwzmN+MRAj7TgtJtDaXE5PMyX2kCrklhg3rvOsOIfNeAWMQWO2F1GPc1kMD2vLAfw==
